
Microsoft Visual Studio Solution File, Format Version 12.00
# Visual Studio 2015
Project("{FAE04EC0-301F-11D3-BF4B-00C04F79EFBC}") = "RGB.CSharp", "RGB.CSharp.csproj", "{53ADFDA8-508D-D1A0-A940-149E35AD1440}"
EndProject
Project("{FAE04EC0-301F-11D3-BF4B-00C04F79EFBC}") = "RGB.CSharp.Editor", "RGB.CSharp.Editor.csproj", "{A65C3496-0663-8A4B-ED09-03B63192826A}"
EndProject
Global
	GlobalSection(SolutionConfigurationPlatforms) = preSolution
		Debug|Any CPU = Debug|Any CPU
		Release|Any CPU = Release|Any CPU
	EndGlobalSection
	GlobalSection(ProjectConfigurationPlatforms) = postSolution
		{53ADFDA8-508D-D1A0-A940-149E35AD1440}.Debug|Any CPU.ActiveCfg = Debug|Any CPU
		{53ADFDA8-508D-D1A0-A940-149E35AD1440}.Debug|Any CPU.Build.0 = Debug|Any CPU
		{53ADFDA8-508D-D1A0-A940-149E35AD1440}.Release|Any CPU.ActiveCfg = Release|Any CPU
		{53ADFDA8-508D-D1A0-A940-149E35AD1440}.Release|Any CPU.Build.0 = Release|Any CPU
		{A65C3496-0663-8A4B-ED09-03B63192826A}.Debug|Any CPU.ActiveCfg = Debug|Any CPU
		{A65C3496-0663-8A4B-ED09-03B63192826A}.Debug|Any CPU.Build.0 = Debug|Any CPU
		{A65C3496-0663-8A4B-ED09-03B63192826A}.Release|Any CPU.ActiveCfg = Release|Any CPU
		{A65C3496-0663-8A4B-ED09-03B63192826A}.Release|Any CPU.Build.0 = Release|Any CPU
	EndGlobalSection
	GlobalSection(SolutionProperties) = preSolution
		HideSolutionNode = FALSE
	EndGlobalSection
EndGlobal
